
Microsoft Visual Studio Solution File, Format Version 12.00
# Visual Studio 15
VisualStudioVersion = 15.0.26730.12
MinimumVisualStudioVersion = 10.0.40219.1
Project("{FAE04EC0-301F-11D3-BF4B-00C04F79EFBC}") = "SplitCamionetas", "SplitCamionetas\SplitCamionetas.csproj", "{FE989E05-5133-4108-87BF-32E7C40A1248}"
EndProject
Global
	GlobalSection(SolutionConfigurationPlatforms) = preSolution
		Debug|Any CPU = Debug|Any CPU
		Release|Any CPU = Release|Any CPU
	EndGlobalSection
	GlobalSection(ProjectConfigurationPlatforms) = postSolution
		{FE989E05-5133-4108-87BF-32E7C40A1248}.Debug|Any CPU.ActiveCfg = Debug|Any CPU
		{FE989E05-5133-4108-87BF-32E7C40A1248}.Debug|Any CPU.Build.0 = Debug|Any CPU
		{FE989E05-5133-4108-87BF-32E7C40A1248}.Debug|Any CPU.Deploy.0 = Debug|Any CPU
		{FE989E05-5133-4108-87BF-32E7C40A1248}.Release|Any CPU.ActiveCfg = Release|Any CPU
		{FE989E05-5133-4108-87BF-32E7C40A1248}.Release|Any CPU.Build.0 = Release|Any CPU
		{FE989E05-5133-4108-87BF-32E7C40A1248}.Release|Any CPU.Deploy.0 = Release|Any CPU
	EndGlobalSection
	GlobalSection(SolutionProperties) = preSolution
		HideSolutionNode = FALSE
	EndGlobalSection
	GlobalSection(ExtensibilityGlobals) = postSolution
		SolutionGuid = {FAC952C1-E39D-4FEA-A334-FE94113C565F}
	EndGlobalSection
EndGlobal
